
Microsoft Visual Studio Solution File, Format Version 12.00
# Visual Studio Version 17
VisualStudioVersion = 17.9.34723.18
MinimumVisualStudioVersion = 10.0.40219.1
Project("{FAE04EC0-301F-11D3-BF4B-00C04F79EFBC}") = "backend-low", "backend-low.csproj", "{68C6B86B-0130-4DA2-8971-A7720300EE76}"
EndProject
Global
	GlobalSection(SolutionConfigurationPlatforms) = preSolution
		Debug|Any CPU = Debug|Any CPU
		Release|Any CPU = Release|Any CPU
	EndGlobalSection
	GlobalSection(ProjectConfigurationPlatforms) = postSolution
		{68C6B86B-0130-4DA2-8971-A7720300EE76}.Debug|Any CPU.ActiveCfg = Debug|Any CPU
		{68C6B86B-0130-4DA2-8971-A7720300EE76}.Debug|Any CPU.Build.0 = Debug|Any CPU
		{68C6B86B-0130-4DA2-8971-A7720300EE76}.Release|Any CPU.ActiveCfg = Release|Any CPU
		{68C6B86B-0130-4DA2-8971-A7720300EE76}.Release|Any CPU.Build.0 = Release|Any CPU
	EndGlobalSection
	GlobalSection(SolutionProperties) = preSolution
		HideSolutionNode = FALSE
	EndGlobalSection
	GlobalSection(ExtensibilityGlobals) = postSolution
		SolutionGuid = {6E261DF1-BB78-4E78-A86B-D840D0936F45}
	EndGlobalSection
EndGlobal
