
Microsoft Visual Studio Solution File, Format Version 12.00
# Visual Studio Version 17
VisualStudioVersion = 17.9.34723.18
MinimumVisualStudioVersion = 10.0.40219.1
Project("{9A19103F-16F7-4668-BE54-9A1E7A4F7556}") = "Console-App", "Console-App\Console-App.csproj", "{872A5072-B2F6-4843-B5E8-CDBCD1C2F61C}"
EndProject
Project("{FAE04EC0-301F-11D3-BF4B-00C04F79EFBC}") = "WSUSLowAPI", "WSUSLowAPI\WSUSLowAPI.csproj", "{A033F798-6977-4DDF-BB68-3AA7925753DD}"
EndProject
Global
	GlobalSection(SolutionConfigurationPlatforms) = preSolution
		Debug|Any CPU = Debug|Any CPU
		Release|Any CPU = Release|Any CPU
	EndGlobalSection
	GlobalSection(ProjectConfigurationPlatforms) = postSolution
		{872A5072-B2F6-4843-B5E8-CDBCD1C2F61C}.Debug|Any CPU.ActiveCfg = Debug|Any CPU
		{872A5072-B2F6-4843-B5E8-CDBCD1C2F61C}.Debug|Any CPU.Build.0 = Debug|Any CPU
		{872A5072-B2F6-4843-B5E8-CDBCD1C2F61C}.Release|Any CPU.ActiveCfg = Release|Any CPU
		{872A5072-B2F6-4843-B5E8-CDBCD1C2F61C}.Release|Any CPU.Build.0 = Release|Any CPU
		{A033F798-6977-4DDF-BB68-3AA7925753DD}.Debug|Any CPU.ActiveCfg = Debug|Any CPU
		{A033F798-6977-4DDF-BB68-3AA7925753DD}.Debug|Any CPU.Build.0 = Debug|Any CPU
		{A033F798-6977-4DDF-BB68-3AA7925753DD}.Release|Any CPU.ActiveCfg = Release|Any CPU
		{A033F798-6977-4DDF-BB68-3AA7925753DD}.Release|Any CPU.Build.0 = Release|Any CPU
	EndGlobalSection
	GlobalSection(SolutionProperties) = preSolution
		HideSolutionNode = FALSE
	EndGlobalSection
	GlobalSection(ExtensibilityGlobals) = postSolution
		SolutionGuid = {77F8522D-E093-4B2E-82A6-A590188C0E08}
	EndGlobalSection
EndGlobal
